
Microsoft Visual Studio Solution File, Format Version 12.00
Project("{FAE04EC0-301F-11D3-BF4B-00C04F79EFBC}") = "FinalLabTask1", "FinalLabTask1\FinalLabTask1.csproj", "{DB9D9684-A9ED-412A-8A52-6A042CADBBCA}"
EndProject
Global
	GlobalSection(SolutionConfigurationPlatforms) = preSolution
		Debug|Any CPU = Debug|Any CPU
		Release|Any CPU = Release|Any CPU
	EndGlobalSection
	GlobalSection(ProjectConfigurationPlatforms) = postSolution
		{DB9D9684-A9ED-412A-8A52-6A042CADBBCA}.Debug|Any CPU.ActiveCfg = Debug|Any CPU
		{DB9D9684-A9ED-412A-8A52-6A042CADBBCA}.Debug|Any CPU.Build.0 = Debug|Any CPU
		{DB9D9684-A9ED-412A-8A52-6A042CADBBCA}.Release|Any CPU.ActiveCfg = Release|Any CPU
		{DB9D9684-A9ED-412A-8A52-6A042CADBBCA}.Release|Any CPU.Build.0 = Release|Any CPU
	EndGlobalSection
EndGlobal
